// !$*UTF8*$!
{
	archiveVersion = 1;
	classes = {
	};
	objectVersion = 46;
	objects = {

/* Begin PBXBuildFile section */
		D13EA5861EE288B300285A87 /* AppDelegate.swift in Sources */ = {isa = PBXBuildFile; fileRef = D13EA5851EE288B300285A87 /* AppDelegate.swift */; };
		D13EA5881EE288B300285A87 /* ViewController.swift in Sources */ = {isa = PBXBuildFile; fileRef = D13EA5871EE288B300285A87 /* ViewController.swift */; };
		D13EA58B1EE288B300285A87 /* Main.storyboard in Resources */ = {isa = PBXBuildFile; fileRef = D13EA5891EE288B300285A87 /* Main.storyboard */; };
		D13EA58D1EE288B300285A87 /* Assets.xcassets in Resources */ = {isa = PBXBuildFile; fileRef = D13EA58C1EE288B300285A87 /* Assets.xcassets */; };
		D13EA5901EE288B300285A87 /* LaunchScreen.storyboard in Resources */ = {isa = PBXBuildFile; fileRef = D13EA58E1EE288B300285A87 /* LaunchScreen.storyboard */; };
		D13EA59B1EE288B300285A87 /* CocoapodsappTests.swift in Sources */ = {isa = PBXBuildFile; fileRef = D13EA59A1EE288B300285A87 /* CocoapodsappTests.swift */; };
		D13EA5A61EE288B300285A87 /* CocoapodsappUITests.swift in Sources */ = {isa = PBXBuildFile; fileRef = D13EA5A51EE288B300285A87 /* CocoapodsappUITests.swift */; };
/* End PBXBuildFile section */

/* Begin PBXContainerItemProxy section */
		D13EA5971EE288B300285A87 /* PBXContainerItemProxy */ = {
			isa = PBXContainerItemProxy;
			containerPortal = D13EA57A1EE288B300285A87 /* Project object */;
			proxyType = 1;
			remoteGlobalIDString = D13EA5811EE288B300285A87;
			remoteInfo = Cocoapodsapp;
		};
		D13EA5A21EE288B300285A87 /* PBXContainerItemProxy */ = {
			isa = PBXContainerItemProxy;
			containerPortal = D13EA57A1EE288B300285A87 /* Project object */;
			proxyType = 1;
			remoteGlobalIDString = D13EA5811EE288B300285A87;
			remoteInfo = Cocoapodsapp;
		};
/* End PBXContainerItemProxy section */

/* Begin PBXFileReference section */
		D13EA5821EE288B300285A87 /* Cocoapodsapp.app */ = {isa = PBXFileReference; explicitFileType = wrapper.application; includeInIndex = 0; path = Cocoapodsapp.app; sourceTree = BUILT_PRODUCTS_DIR; };
		D13EA5851EE288B300285A87 /* AppDelegate.swift */ = {isa = PBXFileReference; lastKnownFileType = sourcecode.swift; path = AppDelegate.swift; sourceTree = "<group>"; };
		D13EA5871EE288B300285A87 /* ViewController.swift */ = {isa = PBXFileReference; lastKnownFileType = sourcecode.swift; path = ViewController.swift; sourceTree = "<group>"; };
		D13EA58A1EE288B300285A87 /* Base */ = {isa = PBXFileReference; lastKnownFileType = file.storyboard; name = Base; path = Base.lproj/Main.storyboard; sourceTree = "<group>"; };
		D13EA58C1EE288B300285A87 /* Assets.xcassets */ = {isa = PBXFileReference; lastKnownFileType = folder.assetcatalog; path = Assets.xcassets; sourceTree = "<group>"; };
		D13EA58F1EE288B300285A87 /* Base */ = {isa = PBXFileReference; lastKnownFileType = file.storyboard; name = Base; path = Base.lproj/LaunchScreen.storyboard; sourceTree = "<group>"; };
		D13EA5911EE288B300285A87 /* Info.plist */ = {isa = PBXFileReference; lastKnownFileType = text.plist.xml; path = Info.plist; sourceTree = "<group>"; };
		D13EA5961EE288B300285A87 /* CocoapodsappTests.xctest */ = {isa = PBXFileReference; explicitFileType = wrapper.cfbundle; includeInIndex = 0; path = CocoapodsappTests.xctest; sourceTree = BUILT_PRODUCTS_DIR; };
		D13EA59A1EE288B300285A87 /* CocoapodsappTests.swift */ = {isa = PBXFileReference; lastKnownFileType = sourcecode.swift; path = CocoapodsappTests.swift; sourceTree = "<group>"; };
		D13EA59C1EE288B300285A87 /* Info.plist */ = {isa = PBXFileReference; lastKnownFileType = text.plist.xml; path = Info.plist; sourceTree = "<group>"; };
		D13EA5A11EE288B300285A87 /* CocoapodsappUITests.xctest */ = {isa = PBXFileReference; explicitFileType = wrapper.cfbundle; includeInIndex = 0; path = CocoapodsappUITests.xctest; sourceTree = BUILT_PRODUCTS_DIR; };
		D13EA5A51EE288B300285A87 /* CocoapodsappUITests.swift */ = {isa = PBXFileReference; lastKnownFileType = sourcecode.swift; path = CocoapodsappUITests.swift; sourceTree = "<group>"; };
		D13EA5A71EE288B300285A87 /* Info.plist */ = {isa = PBXFileReference; lastKnownFileType = text.plist.xml; path = Info.plist; sourceTree = "<group>"; };
/* End PBXFileReference section */

/* Begin PBXFrameworksBuildPhase section */
		D13EA57F1EE288B300285A87 /* Frameworks */ = {
			isa = PBXFrameworksBuildPhase;
			buildActionMask = 2147483647;
			files = (
			);
			runOnlyForDeploymentPostprocessing = 0;
		};
		D13EA5931EE288B300285A87 /* Frameworks */ = {
			isa = PBXFrameworksBuildPhase;
			buildActionMask = 2147483647;
			files = (
			);
			runOnlyForDeploymentPostprocessing = 0;
		};
		D13EA59E1EE288B300285A87 /* Frameworks */ = {
			isa = PBXFrameworksBuildPhase;
			buildActionMask = 2147483647;
			files = (
			);
			runOnlyForDeploymentPostprocessing = 0;
		};
/* End PBXFrameworksBuildPhase section */

/* Begin PBXGroup section */
		D13EA5791EE288B300285A87 = {
			isa = PBXGroup;
			children = (
				D13EA5841EE288B300285A87 /* Cocoapodsapp */,
				D13EA5991EE288B300285A87 /* CocoapodsappTests */,
				D13EA5A41EE288B300285A87 /* CocoapodsappUITests */,
				D13EA5831EE288B300285A87 /* Products */,
			);
			sourceTree = "<group>";
		};
		D13EA5831EE288B300285A87 /* Products */ = {
			isa = PBXGroup;
			children = (
				D13EA5821EE288B300285A87 /* Cocoapodsapp.app */,
				D13EA5961EE288B300285A87 /* CocoapodsappTests.xctest */,
				D13EA5A11EE288B300285A87 /* CocoapodsappUITests.xctest */,
			);
			name = Products;
			sourceTree = "<group>";
		};
		D13EA5841EE288B300285A87 /* Cocoapodsapp */ = {
			isa = PBXGroup;
			children = (
				D13EA5851EE288B300285A87 /* AppDelegate.swift */,
				D13EA5871EE288B300285A87 /* ViewController.swift */,
				D13EA5891EE288B300285A87 /* Main.storyboard */,
				D13EA58C1EE288B300285A87 /* Assets.xcassets */,
				D13EA58E1EE288B300285A87 /* LaunchScreen.storyboard */,
				D13EA5911EE288B300285A87 /* Info.plist */,
			);
			path = Cocoapodsapp;
			sourceTree = "<group>";
		};
		D13EA5991EE288B300285A87 /* CocoapodsappTests */ = {
			isa = PBXGroup;
			children = (
				D13EA59A1EE288B300285A87 /* CocoapodsappTests.swift */,
				D13EA59C1EE288B300285A87 /* Info.plist */,
			);
			path = CocoapodsappTests;
			sourceTree = "<group>";
		};
		D13EA5A41EE288B300285A87 /* CocoapodsappUITests */ = {
			isa = PBXGroup;
			children = (
				D13EA5A51EE288B300285A87 /* CocoapodsappUITests.swift */,
				D13EA5A71EE288B300285A87 /* Info.plist */,
			);
			path = CocoapodsappUITests;
			sourceTree = "<group>";
		};
/* End PBXGroup section */

/* Begin PBXNativeTarget section */
		D13EA5811EE288B300285A87 /* Cocoapodsapp */ = {
			isa = PBXNativeTarget;
			buildConfigurationList = D13EA5AA1EE288B300285A87 /* Build configuration list for PBXNativeTarget "Cocoapodsapp" */;
			buildPhases = (
				D13EA57E1EE288B300285A87 /* Sources */,
				D13EA57F1EE288B300285A87 /* Frameworks */,
				D13EA5801EE288B300285A87 /* Resources */,
			);
			buildRules = (
			);
			dependencies = (
			);
			name = Cocoapodsapp;
			productName = Cocoapodsapp;
			productReference = D13EA5821EE288B300285A87 /* Cocoapodsapp.app */;
			productType = "com.apple.product-type.application";
		};
		D13EA5951EE288B300285A87 /* CocoapodsappTests */ = {
			isa = PBXNativeTarget;
			buildConfigurationList = D13EA5AD1EE288B300285A87 /* Build configuration list for PBXNativeTarget "CocoapodsappTests" */;
			buildPhases = (
				D13EA5921EE288B300285A87 /* Sources */,
				D13EA5931EE288B300285A87 /* Frameworks */,
				D13EA5941EE288B300285A87 /* Resources */,
			);
			buildRules = (
			);
			dependencies = (
				D13EA5981EE288B300285A87 /* PBXTargetDependency */,
			);
			name = CocoapodsappTests;
			productName = CocoapodsappTests;
			productReference = D13EA5961EE288B300285A87 /* CocoapodsappTests.xctest */;
			productType = "com.apple.product-type.bundle.unit-test";
		};
		D13EA5A01EE288B300285A87 /* CocoapodsappUITests */ = {
			isa = PBXNativeTarget;
			buildConfigurationList = D13EA5B01EE288B300285A87 /* Build configuration list for PBXNativeTarget "CocoapodsappUITests" */;
			buildPhases = (
				D13EA59D1EE288B300285A87 /* Sources */,
				D13EA59E1EE288B300285A87 /* Frameworks */,
				D13EA59F1EE288B300285A87 /* Resources */,
			);
			buildRules = (
			);
			dependencies = (
				D13EA5A31EE288B300285A87 /* PBXTargetDependency */,
			);
			name = CocoapodsappUITests;
			productName = CocoapodsappUITests;
			productReference = D13EA5A11EE288B300285A87 /* CocoapodsappUITests.xctest */;
			productType = "com.apple.product-type.bundle.ui-testing";
		};
/* End PBXNativeTarget section */

/* Begin PBXProject section */
		D13EA57A1EE288B300285A87 /* Project object */ = {
			isa = PBXProject;
			attributes = {
				LastSwiftUpdateCheck = 0830;
				LastUpgradeCheck = 0830;
				ORGANIZATIONNAME = "大田　雄翔";
				TargetAttributes = {
					D13EA5811EE288B300285A87 = {
						CreatedOnToolsVersion = 8.3.2;
						ProvisioningStyle = Automatic;
					};
					D13EA5951EE288B300285A87 = {
						CreatedOnToolsVersion = 8.3.2;
						ProvisioningStyle = Automatic;
						TestTargetID = D13EA5811EE288B300285A87;
					};
					D13EA5A01EE288B300285A87 = {
						CreatedOnToolsVersion = 8.3.2;
						ProvisioningStyle = Automatic;
						TestTargetID = D13EA5811EE288B300285A87;
					};
				};
			};
			buildConfigurationList = D13EA57D1EE288B300285A87 /* Build configuration list for PBXProject "Cocoapodsapp" */;
			compatibilityVersion = "Xcode 3.2";
			developmentRegion = English;
			hasScannedForEncodings = 0;
			knownRegions = (
				en,
				Base,
			);
			mainGroup = D13EA5791EE288B300285A87;
			productRefGroup = D13EA5831EE288B300285A87 /* Products */;
			projectDirPath = "";
			projectRoot = "";
			targets = (
				D13EA5811EE288B300285A87 /* Cocoapodsapp */,
				D13EA5951EE288B300285A87 /* CocoapodsappTests */,
				D13EA5A01EE288B300285A87 /* CocoapodsappUITests */,
			);
		};
/* End PBXProject section */

/* Begin PBXResourcesBuildPhase section */
		D13EA5801EE288B300285A87 /* Resources */ = {
			isa = PBXResourcesBuildPhase;
			buildActionMask = 2147483647;
			files = (
				D13EA5901EE288B300285A87 /* LaunchScreen.storyboard in Resources */,
				D13EA58D1EE288B300285A87 /* Assets.xcassets in Resources */,
				D13EA58B1EE288B300285A87 /* Main.storyboard in Resources */,
			);
			runOnlyForDeploymentPostprocessing = 0;
		};
		D13EA5941EE288B300285A87 /* Resources */ = {
			isa = PBXResourcesBuildPhase;
			buildActionMask = 2147483647;
			files = (
			);
			runOnlyForDeploymentPostprocessing = 0;
		};
		D13EA59F1EE288B300285A87 /* Resources */ = {
			isa = PBXResourcesBuildPhase;
			buildActionMask = 2147483647;
			files = (
			);
			runOnlyForDeploymentPostprocessing = 0;
		};
/* End PBXResourcesBuildPhase section */

/* Begin PBXSourcesBuildPhase section */
		D13EA57E1EE288B300285A87 /* Sources */ = {
			isa = PBXSourcesBuildPhase;
			buildActionMask = 2147483647;
			files = (
				D13EA5881EE288B300285A87 /* ViewController.swift in Sources */,
				D13EA5861EE288B300285A87 /* AppDelegate.swift in Sources */,
			);
			runOnlyForDeploymentPostprocessing = 0;
		};
		D13EA5921EE288B300285A87 /* Sources */ = {
			isa = PBXSourcesBuildPhase;
			buildActionMask = 2147483647;
			files = (
				D13EA59B1EE288B300285A87 /* CocoapodsappTests.swift in Sources */,
			);
			runOnlyForDeploymentPostprocessing = 0;
		};
		D13EA59D1EE288B300285A87 /* Sources */ = {
			isa = PBXSourcesBuildPhase;
			buildActionMask = 2147483647;
			files = (
				D13EA5A61EE288B300285A87 /* CocoapodsappUITests.swift in Sources */,
			);
			runOnlyForDeploymentPostprocessing = 0;
		};
/* End PBXSourcesBuildPhase section */

/* Begin PBXTargetDependency section */
		D13EA5981EE288B300285A87 /* PBXTargetDependency */ = {
			isa = PBXTargetDependency;
			target = D13EA5811EE288B300285A87 /* Cocoapodsapp */;
			targetProxy = D13EA5971EE288B300285A87 /* PBXContainerItemProxy */;
		};
		D13EA5A31EE288B300285A87 /* PBXTargetDependency */ = {
			isa = PBXTargetDependency;
			target = D13EA5811EE288B300285A87 /* Cocoapodsapp */;
			targetProxy = D13EA5A21EE288B300285A87 /* PBXContainerItemProxy */;
		};
/* End PBXTargetDependency section */

/* Begin PBXVariantGroup section */
		D13EA5891EE288B300285A87 /* Main.storyboard */ = {
			isa = PBXVariantGroup;
			children = (
				D13EA58A1EE288B300285A87 /* Base */,
			);
			name = Main.storyboard;
			sourceTree = "<group>";
		};
		D13EA58E1EE288B300285A87 /* LaunchScreen.storyboard */ = {
			isa = PBXVariantGroup;
			children = (
				D13EA58F1EE288B300285A87 /* Base */,
			);
			name = LaunchScreen.storyboard;
			sourceTree = "<group>";
		};
/* End PBXVariantGroup section */

/* Begin XCBuildConfiguration section */
		D13EA5A81EE288B300285A87 /* Debug */ = {
			isa = XCBuildConfiguration;
			buildSettings = {
				ALWAYS_SEARCH_USER_PATHS = NO;
				CLANG_ANALYZER_NONNULL = YES;
				CLANG_ANALYZER_NUMBER_OBJECT_CONVERSION = YES_AGGRESSIVE;
				CLANG_CXX_LANGUAGE_STANDARD = "gnu++0x";
				CLANG_CXX_LIBRARY = "libc++";
				CLANG_ENABLE_MODULES = YES;
				CLANG_ENABLE_OBJC_ARC = YES;
				CLANG_WARN_BOOL_CONVERSION = YES;
				CLANG_WARN_CONSTANT_CONVERSION = YES;
				CLANG_WARN_DIRECT_OBJC_ISA_USAGE = YES_ERROR;
				CLANG_WARN_DOCUMENTATION_COMMENTS = YES;
				CLANG_WARN_EMPTY_BODY = YES;
				CLANG_WARN_ENUM_CONVERSION = YES;
				CLANG_WARN_INFINITE_RECURSION = YES;
				CLANG_WARN_INT_CONVERSION = YES;
				CLANG_WARN_OBJC_ROOT_CLASS = YES_ERROR;
				CLANG_WARN_SUSPICIOUS_MOVE = YES;
				CLANG_WARN_UNREACHABLE_CODE = YES;
				CLANG_WARN__DUPLICATE_METHOD_MATCH = YES;
				"CODE_SIGN_IDENTITY[sdk=iphoneos*]" = "iPhone Developer";
				COPY_PHASE_STRIP = NO;
				DEBUG_INFORMATION_FORMAT = dwarf;
				ENABLE_STRICT_OBJC_MSGSEND = YES;
				ENABLE_TESTABILITY = YES;
				GCC_C_LANGUAGE_STANDARD = gnu99;
				GCC_DYNAMIC_NO_PIC = NO;
				GCC_NO_COMMON_BLOCKS = YES;
				GCC_OPTIMIZATION_LEVEL = 0;
				GCC_PREPROCESSOR_DEFINITIONS = (
					"DEBUG=1",
					"$(inherited)",
				);
				GCC_WARN_64_TO_32_BIT_CONVERSION = YES;
				GCC_WARN_ABOUT_RETURN_TYPE = YES_ERROR;
				GCC_WARN_UNDECLARED_SELECTOR = YES;
				GCC_WARN_UNINITIALIZED_AUTOS = YES_AGGRESSIVE;
				GCC_WARN_UNUSED_FUNCTION = YES;
				GCC_WARN_UNUSED_VARIABLE = YES;
				IPHONEOS_DEPLOYMENT_TARGET = 10.3;
				MTL_ENABLE_DEBUG_INFO = YES;
				ONLY_ACTIVE_ARCH = YES;
				SDKROOT = iphoneos;
				SWIFT_ACTIVE_COMPILATION_CONDITIONS = DEBUG;
				SWIFT_OPTIMIZATION_LEVEL = "-Onone";
			};
			name = Debug;
		};
		D13EA5A91EE288B300285A87 /* Release */ = {
			isa = XCBuildConfiguration;
			buildSettings = {
				ALWAYS_SEARCH_USER_PATHS = NO;
				CLANG_ANALYZER_NONNULL = YES;
				CLANG_ANALYZER_NUMBER_OBJECT_CONVERSION = YES_AGGRESSIVE;
				CLANG_CXX_LANGUAGE_STANDARD = "gnu++0x";
				CLANG_CXX_LIBRARY = "libc++";
				CLANG_ENABLE_MODULES = YES;
				CLANG_ENABLE_OBJC_ARC = YES;
				CLANG_WARN_BOOL_CONVERSION = YES;
				CLANG_WARN_CONSTANT_CONVERSION = YES;
				CLANG_WARN_DIRECT_OBJC_ISA_USAGE = YES_ERROR;
				CLANG_WARN_DOCUMENTATION_COMMENTS = YES;
				CLANG_WARN_EMPTY_BODY = YES;
				CLANG_WARN_ENUM_CONVERSION = YES;
				CLANG_WARN_INFINITE_RECURSION = YES;
				CLANG_WARN_INT_CONVERSION = YES;
				CLANG_WARN_OBJC_ROOT_CLASS = YES_ERROR;
				CLANG_WARN_SUSPICIOUS_MOVE = YES;
				CLANG_WARN_UNREACHABLE_CODE = YES;
				CLANG_WARN__DUPLICATE_METHOD_MATCH = YES;
				"CODE_SIGN_IDENTITY[sdk=iphoneos*]" = "iPhone Developer";
				COPY_PHASE_STRIP = NO;
				DEBUG_INFORMATION_FORMAT = "dwarf-with-dsym";
				ENABLE_NS_ASSERTIONS = NO;
				ENABLE_STRICT_OBJC_MSGSEND = YES;
				GCC_C_LANGUAGE_STANDARD = gnu99;
				GCC_NO_COMMON_BLOCKS = YES;
				GCC_WARN_64_TO_32_BIT_CONVERSION = YES;
				GCC_WARN_ABOUT_RETURN_TYPE = YES_ERROR;
				GCC_WARN_UNDECLARED_SELECTOR = YES;
				GCC_WARN_UNINITIALIZED_AUTOS = YES_AGGRESSIVE;
				GCC_WARN_UNUSED_FUNCTION = YES;
				GCC_WARN_UNUSED_VARIABLE = YES;
				IPHONEOS_DEPLOYMENT_TARGET = 10.3;
				MTL_ENABLE_DEBUG_INFO = NO;
				SDKROOT = iphoneos;
				SWIFT_OPTIMIZATION_LEVEL = "-Owholemodule";
				VALIDATE_PRODUCT = YES;
			};
			name = Release;
		};
		D13EA5AB1EE288B300285A87 /* Debug */ = {
			isa = XCBuildConfiguration;
			buildSettings = {
				ASSETCATALOG_COMPILER_APPICON_NAME = AppIcon;
				INFOPLIST_FILE = Cocoapodsapp/Info.plist;
				LD_RUNPATH_SEARCH_PATHS = "$(inherited) @executable_path/Frameworks";
				PRODUCT_BUNDLE_IDENTIFIER = "-----.Cocoapodsapp";
				PRODUCT_NAME = "$(TARGET_NAME)";
				SWIFT_VERSION = 3.0;
			};
			name = Debug;
		};
		D13EA5AC1EE288B300285A87 /* Release */ = {
			isa = XCBuildConfiguration;
			buildSettings = {
				ASSETCATALOG_COMPILER_APPICON_NAME = AppIcon;
				INFOPLIST_FILE = Cocoapodsapp/Info.plist;
				LD_RUNPATH_SEARCH_PATHS = "$(inherited) @executable_path/Frameworks";
				PRODUCT_BUNDLE_IDENTIFIER = "-----.Cocoapodsapp";
				PRODUCT_NAME = "$(TARGET_NAME)";
				SWIFT_VERSION = 3.0;
			};
			name = Release;
		};
		D13EA5AE1EE288B300285A87 /* Debug */ = {
			isa = XCBuildConfiguration;
			buildSettings = {
				ALWAYS_EMBED_SWIFT_STANDARD_LIBRARIES = YES;
				BUNDLE_LOADER = "$(TEST_HOST)";
				INFOPLIST_FILE = CocoapodsappTests/Info.plist;
				LD_RUNPATH_SEARCH_PATHS = "$(inherited) @executable_path/Frameworks @loader_path/Frameworks";
				PRODUCT_BUNDLE_IDENTIFIER = "-----.CocoapodsappTests";
				PRODUCT_NAME = "$(TARGET_NAME)";
				SWIFT_VERSION = 3.0;
				TEST_HOST = "$(BUILT_PRODUCTS_DIR)/Cocoapodsapp.app/Cocoapodsapp";
			};
			name = Debug;
		};
		D13EA5AF1EE288B300285A87 /* Release */ = {
			isa = XCBuildConfiguration;
			buildSettings = {
				ALWAYS_EMBED_SWIFT_STANDARD_LIBRARIES = YES;
				BUNDLE_LOADER = "$(TEST_HOST)";
				INFOPLIST_FILE = CocoapodsappTests/Info.plist;
				LD_RUNPATH_SEARCH_PATHS = "$(inherited) @executable_path/Frameworks @loader_path/Frameworks";
				PRODUCT_BUNDLE_IDENTIFIER = "-----.CocoapodsappTests";
				PRODUCT_NAME = "$(TARGET_NAME)";
				SWIFT_VERSION = 3.0;
				TEST_HOST = "$(BUILT_PRODUCTS_DIR)/Cocoapodsapp.app/Cocoapodsapp";
			};
			name = Release;
		};
		D13EA5B11EE288B300285A87 /* Debug */ = {
			isa = XCBuildConfiguration;
			buildSettings = {
				ALWAYS_EMBED_SWIFT_STANDARD_LIBRARIES = YES;
				INFOPLIST_FILE = CocoapodsappUITests/Info.plist;
				LD_RUNPATH_SEARCH_PATHS = "$(inherited) @executable_path/Frameworks @loader_path/Frameworks";
				PRODUCT_BUNDLE_IDENTIFIER = "-----.CocoapodsappUITests";
				PRODUCT_NAME = "$(TARGET_NAME)";
				SWIFT_VERSION = 3.0;
				TEST_TARGET_NAME = Cocoapodsapp;
			};
			name = Debug;
		};
		D13EA5B21EE288B300285A87 /* Release */ = {
			isa = XCBuildConfiguration;
			buildSettings = {
				ALWAYS_EMBED_SWIFT_STANDARD_LIBRARIES = YES;
				INFOPLIST_FILE = CocoapodsappUITests/Info.plist;
				LD_RUNPATH_SEARCH_PATHS = "$(inherited) @executable_path/Frameworks @loader_path/Frameworks";
				PRODUCT_BUNDLE_IDENTIFIER = "-----.CocoapodsappUITests";
				PRODUCT_NAME = "$(TARGET_NAME)";
				SWIFT_VERSION = 3.0;
				TEST_TARGET_NAME = Cocoapodsapp;
			};
			name = Release;
		};
/* End XCBuildConfiguration section */

/* Begin XCConfigurationList section */
		D13EA57D1EE288B300285A87 /* Build configuration list for PBXProject "Cocoapodsapp" */ = {
			isa = XCConfigurationList;
			buildConfigurations = (
				D13EA5A81EE288B300285A87 /* Debug */,
				D13EA5A91EE288B300285A87 /* Release */,
			);
			defaultConfigurationIsVisible = 0;
			defaultConfigurationName = Release;
		};
		D13EA5AA1EE288B300285A87 /* Build configuration list for PBXNativeTarget "Cocoapodsapp" */ = {
			isa = XCConfigurationList;
			buildConfigurations = (
				D13EA5AB1EE288B300285A87 /* Debug */,
				D13EA5AC1EE288B300285A87 /* Release */,
			);
			defaultConfigurationIsVisible = 0;
		};
		D13EA5AD1EE288B300285A87 /* Build configuration list for PBXNativeTarget "CocoapodsappTests" */ = {
			isa = XCConfigurationList;
			buildConfigurations = (
				D13EA5AE1EE288B300285A87 /* Debug */,
				D13EA5AF1EE288B300285A87 /* Release */,
			);
			defaultConfigurationIsVisible = 0;
		};
		D13EA5B01EE288B300285A87 /* Build configuration list for PBXNativeTarget "CocoapodsappUITests" */ = {
			isa = XCConfigurationList;
			buildConfigurations = (
				D13EA5B11EE288B300285A87 /* Debug */,
				D13EA5B21EE288B300285A87 /* Release */,
			);
			defaultConfigurationIsVisible = 0;
		};
/* End XCConfigurationList section */
	};
	rootObject = D13EA57A1EE288B300285A87 /* Project object */;
}
